
Microsoft Visual Studio Solution File, Format Version 12.00
# Visual Studio Version 17
VisualStudioVersion = 17.10.35013.160
MinimumVisualStudioVersion = 10.0.40219.1
Project("{9A19103F-16F7-4668-BE54-9A1E7A4F7556}") = "ClosedXMLExtensions", "src\ClosedXMLExtensions\ClosedXMLExtensions.csproj", "{343F2094-9CA3-4D23-857A-1324FCE82E69}"
EndProject
Global
	GlobalSection(SolutionConfigurationPlatforms) = preSolution
		Debug|Any CPU = Debug|Any CPU
		Release|Any CPU = Release|Any CPU
	EndGlobalSection
	GlobalSection(ProjectConfigurationPlatforms) = postSolution
		{343F2094-9CA3-4D23-857A-1324FCE82E69}.Debug|Any CPU.ActiveCfg = Debug|Any CPU
		{343F2094-9CA3-4D23-857A-1324FCE82E69}.Debug|Any CPU.Build.0 = Debug|Any CPU
		{343F2094-9CA3-4D23-857A-1324FCE82E69}.Release|Any CPU.ActiveCfg = Release|Any CPU
		{343F2094-9CA3-4D23-857A-1324FCE82E69}.Release|Any CPU.Build.0 = Release|Any CPU
	EndGlobalSection
	GlobalSection(SolutionProperties) = preSolution
		HideSolutionNode = FALSE
	EndGlobalSection
	GlobalSection(ExtensibilityGlobals) = postSolution
		SolutionGuid = {62B4C694-AA19-4FE6-BEE8-472D96CCC28D}
	EndGlobalSection
EndGlobal
